
Microsoft Visual Studio Solution File, Format Version 12.00
# Visual Studio Version 17
VisualStudioVersion = 17.3.32901.215
MinimumVisualStudioVersion = 10.0.40219.1
Project("{FAE04EC0-301F-11D3-BF4B-00C04F79EFBC}") = "FireReceptorAPI", "FireReceptorAPI\FireReceptorAPI.csproj", "{81D65072-6823-460F-85D0-EA4FC0F60AD0}"
EndProject
Global
	GlobalSection(SolutionConfigurationPlatforms) = preSolution
		Debug|Any CPU = Debug|Any CPU
		Release|Any CPU = Release|Any CPU
	EndGlobalSection
	GlobalSection(ProjectConfigurationPlatforms) = postSolution
		{81D65072-6823-460F-85D0-EA4FC0F60AD0}.Debug|Any CPU.ActiveCfg = Debug|Any CPU
		{81D65072-6823-460F-85D0-EA4FC0F60AD0}.Debug|Any CPU.Build.0 = Debug|Any CPU
		{81D65072-6823-460F-85D0-EA4FC0F60AD0}.Release|Any CPU.ActiveCfg = Release|Any CPU
		{81D65072-6823-460F-85D0-EA4FC0F60AD0}.Release|Any CPU.Build.0 = Release|Any CPU
	EndGlobalSection
	GlobalSection(SolutionProperties) = preSolution
		HideSolutionNode = FALSE
	EndGlobalSection
	GlobalSection(ExtensibilityGlobals) = postSolution
		SolutionGuid = {54885847-2234-42E7-ADDE-196F8E220413}
	EndGlobalSection
EndGlobal
